
Microsoft Visual Studio Solution File, Format Version 12.00
# Visual Studio 2013
VisualStudioVersion = 12.0.31101.0
MinimumVisualStudioVersion = 10.0.40219.1
Project("{F184B08F-C81C-45F6-A57F-5ABD9991F28F}") = "WebToolbox", "WebToolbox\WebToolbox.vbproj", "{7180E74D-16A2-447E-871D-E4A792E3029B}"
EndProject
Project("{F184B08F-C81C-45F6-A57F-5ABD9991F28F}") = "Menu", "Menu\Menu.vbproj", "{D7F824D4-363C-4069-AF57-DB6E2B4F8F2D}"
EndProject
Project("{F184B08F-C81C-45F6-A57F-5ABD9991F28F}") = "Tab", "Tab\Tab.vbproj", "{1788308E-F6CF-4F1D-A52D-A3912BC434D2}"
EndProject
Global
	GlobalSection(SolutionConfigurationPlatforms) = preSolution
		Debug|Any CPU = Debug|Any CPU
		Release|Any CPU = Release|Any CPU
	EndGlobalSection
	GlobalSection(ProjectConfigurationPlatforms) = postSolution
		{7180E74D-16A2-447E-871D-E4A792E3029B}.Debug|Any CPU.ActiveCfg = Debug|Any CPU
		{7180E74D-16A2-447E-871D-E4A792E3029B}.Debug|Any CPU.Build.0 = Debug|Any CPU
		{7180E74D-16A2-447E-871D-E4A792E3029B}.Release|Any CPU.ActiveCfg = Release|Any CPU
		{7180E74D-16A2-447E-871D-E4A792E3029B}.Release|Any CPU.Build.0 = Release|Any CPU
		{D7F824D4-363C-4069-AF57-DB6E2B4F8F2D}.Debug|Any CPU.ActiveCfg = Debug|Any CPU
		{D7F824D4-363C-4069-AF57-DB6E2B4F8F2D}.Debug|Any CPU.Build.0 = Debug|Any CPU
		{D7F824D4-363C-4069-AF57-DB6E2B4F8F2D}.Release|Any CPU.ActiveCfg = Release|Any CPU
		{D7F824D4-363C-4069-AF57-DB6E2B4F8F2D}.Release|Any CPU.Build.0 = Release|Any CPU
		{1788308E-F6CF-4F1D-A52D-A3912BC434D2}.Debug|Any CPU.ActiveCfg = Debug|Any CPU
		{1788308E-F6CF-4F1D-A52D-A3912BC434D2}.Debug|Any CPU.Build.0 = Debug|Any CPU
		{1788308E-F6CF-4F1D-A52D-A3912BC434D2}.Release|Any CPU.ActiveCfg = Release|Any CPU
		{1788308E-F6CF-4F1D-A52D-A3912BC434D2}.Release|Any CPU.Build.0 = Release|Any CPU
	EndGlobalSection
	GlobalSection(SolutionProperties) = preSolution
		HideSolutionNode = FALSE
	EndGlobalSection
EndGlobal
